
Microsoft Visual Studio Solution File, Format Version 12.00
# Visual Studio Version 17
VisualStudioVersion = 17.4.33122.133
MinimumVisualStudioVersion = 10.0.40219.1
Project("{FAE04EC0-301F-11D3-BF4B-00C04F79EFBC}") = "parser", "parser\parser.csproj", "{EEB80D1C-A20F-485B-A693-47C21D308E31}"
EndProject
Global
	GlobalSection(SolutionConfigurationPlatforms) = preSolution
		Debug|Any CPU = Debug|Any CPU
		Release|Any CPU = Release|Any CPU
	EndGlobalSection
	GlobalSection(ProjectConfigurationPlatforms) = postSolution
		{EEB80D1C-A20F-485B-A693-47C21D308E31}.Debug|Any CPU.ActiveCfg = Debug|Any CPU
		{EEB80D1C-A20F-485B-A693-47C21D308E31}.Debug|Any CPU.Build.0 = Debug|Any CPU
		{EEB80D1C-A20F-485B-A693-47C21D308E31}.Release|Any CPU.ActiveCfg = Release|Any CPU
		{EEB80D1C-A20F-485B-A693-47C21D308E31}.Release|Any CPU.Build.0 = Release|Any CPU
	EndGlobalSection
	GlobalSection(SolutionProperties) = preSolution
		HideSolutionNode = FALSE
	EndGlobalSection
	GlobalSection(ExtensibilityGlobals) = postSolution
		SolutionGuid = {21543C9B-9D39-456F-BF71-E1192EDA65EB}
	EndGlobalSection
EndGlobal
